// !$*UTF8*$!
{
	archiveVersion = 1;
	classes = {
	};
	objectVersion = 51;
	objects = {

/* Begin PBXBuildFile section */
		412A76D4EFC4A754A2F914A2 /* Pods_ModulesTestMocked.framework in Frameworks */ = {isa = PBXBuildFile; fileRef = 967E85BF8F2DD2AA03E00AFC /* Pods_ModulesTestMocked.framework */; };
		898A0896FACDE9E180EF85BC /* Pods_ModulesTestImplementated.framework in Frameworks */ = {isa = PBXBuildFile; fileRef = AB94B3D7C25BFCD0C68B9486 /* Pods_ModulesTestImplementated.framework */; };
		E42E04FD2379870100554134 /* AppDelegate.swift in Sources */ = {isa = PBXBuildFile; fileRef = E42E04FC2379870100554134 /* AppDelegate.swift */; };
		E42E04FF2379870100554134 /* SceneDelegate.swift in Sources */ = {isa = PBXBuildFile; fileRef = E42E04FE2379870100554134 /* SceneDelegate.swift */; };
		E42E05012379870100554134 /* ViewController.swift in Sources */ = {isa = PBXBuildFile; fileRef = E42E05002379870100554134 /* ViewController.swift */; };
		E42E05042379870100554134 /* Main.storyboard in Resources */ = {isa = PBXBuildFile; fileRef = E42E05022379870100554134 /* Main.storyboard */; };
		E42E05062379870200554134 /* Assets.xcassets in Resources */ = {isa = PBXBuildFile; fileRef = E42E05052379870200554134 /* Assets.xcassets */; };
		E42E05092379870200554134 /* LaunchScreen.storyboard in Resources */ = {isa = PBXBuildFile; fileRef = E42E05072379870200554134 /* LaunchScreen.storyboard */; };
		E42E0815237AF15400554134 /* ViewController.swift in Sources */ = {isa = PBXBuildFile; fileRef = E42E05002379870100554134 /* ViewController.swift */; };
		E42E0816237AF15400554134 /* AppDelegate.swift in Sources */ = {isa = PBXBuildFile; fileRef = E42E04FC2379870100554134 /* AppDelegate.swift */; };
		E42E0817237AF15400554134 /* SceneDelegate.swift in Sources */ = {isa = PBXBuildFile; fileRef = E42E04FE2379870100554134 /* SceneDelegate.swift */; };
		E42E081A237AF15400554134 /* LaunchScreen.storyboard in Resources */ = {isa = PBXBuildFile; fileRef = E42E05072379870200554134 /* LaunchScreen.storyboard */; };
		E42E081B237AF15400554134 /* Assets.xcassets in Resources */ = {isa = PBXBuildFile; fileRef = E42E05052379870200554134 /* Assets.xcassets */; };
		E42E081C237AF15400554134 /* Main.storyboard in Resources */ = {isa = PBXBuildFile; fileRef = E42E05022379870100554134 /* Main.storyboard */; };
		E42F1739237EC80400C18261 /* Pods_ModulesTestMocked.framework in Embed Frameworks */ = {isa = PBXBuildFile; fileRef = 4CA10218995065F13E078980 /* Pods_ModulesTestMocked.framework */; settings = {ATTRIBUTES = (CodeSignOnCopy, RemoveHeadersOnCopy, ); }; };
		E42F1749237ECD5900C18261 /* Pods_ModulesTestImplementated.framework in Embed Frameworks */ = {isa = PBXBuildFile; fileRef = 64555E4B2E30E1A3B0575AFF /* Pods_ModulesTestImplementated.framework */; settings = {ATTRIBUTES = (CodeSignOnCopy, RemoveHeadersOnCopy, ); }; };
		E42F176C237ED8EA00C18261 /* SimpleInterface.framework in Frameworks */ = {isa = PBXBuildFile; fileRef = E42F1769237ED8B100C18261 /* SimpleInterface.framework */; };
		E42F176D237ED8EA00C18261 /* SimpleInterface.framework in Embed Frameworks */ = {isa = PBXBuildFile; fileRef = E42F1769237ED8B100C18261 /* SimpleInterface.framework */; settings = {ATTRIBUTES = (CodeSignOnCopy, RemoveHeadersOnCopy, ); }; };
		E42F176E237ED8F200C18261 /* SimpleInterface.framework in Frameworks */ = {isa = PBXBuildFile; fileRef = E42F176B237ED8B100C18261 /* SimpleInterface.framework */; };
		E42F176F237ED8F200C18261 /* SimpleInterface.framework in Embed Frameworks */ = {isa = PBXBuildFile; fileRef = E42F176B237ED8B100C18261 /* SimpleInterface.framework */; settings = {ATTRIBUTES = (CodeSignOnCopy, RemoveHeadersOnCopy, ); }; };
/* End PBXBuildFile section */

/* Begin PBXContainerItemProxy section */
		E42F1768237ED8B100C18261 /* PBXContainerItemProxy */ = {
			isa = PBXContainerItemProxy;
			containerPortal = E42F1763237ED8B100C18261 /* SimpleInterface.xcodeproj */;
			proxyType = 2;
			remoteGlobalIDString = E42E0846237AFC5A00554134;
			remoteInfo = SimpleInterfaceMocked;
		};
		E42F176A237ED8B100C18261 /* PBXContainerItemProxy */ = {
			isa = PBXContainerItemProxy;
			containerPortal = E42F1763237ED8B100C18261 /* SimpleInterface.xcodeproj */;
			proxyType = 2;
			remoteGlobalIDString = E42FD47A237C032500412B97;
			remoteInfo = SimpleInterfaceImplemented;
		};
/* End PBXContainerItemProxy section */

/* Begin PBXCopyFilesBuildPhase section */
		E42F16D5237EA1E500C18261 /* Embed Frameworks */ = {
			isa = PBXCopyFilesBuildPhase;
			buildActionMask = 2147483647;
			dstPath = "";
			dstSubfolderSpec = 10;
			files = (
				E42F176D237ED8EA00C18261 /* SimpleInterface.framework in Embed Frameworks */,
				E42F1739237EC80400C18261 /* Pods_ModulesTestMocked.framework in Embed Frameworks */,
			);
			name = "Embed Frameworks";
			runOnlyForDeploymentPostprocessing = 0;
		};
		E42F16D8237EA1ED00C18261 /* Embed Frameworks */ = {
			isa = PBXCopyFilesBuildPhase;
			buildActionMask = 2147483647;
			dstPath = "";
			dstSubfolderSpec = 10;
			files = (
				E42F176F237ED8F200C18261 /* SimpleInterface.framework in Embed Frameworks */,
				E42F1749237ECD5900C18261 /* Pods_ModulesTestImplementated.framework in Embed Frameworks */,
			);
			name = "Embed Frameworks";
			runOnlyForDeploymentPostprocessing = 0;
		};
/* End PBXCopyFilesBuildPhase section */

/* Begin PBXFileReference section */
		0E81FE422259CFAD301EA8D8 /* Pods-ModulesTestMocked.release.xcconfig */ = {isa = PBXFileReference; includeInIndex = 1; lastKnownFileType = text.xcconfig; name = "Pods-ModulesTestMocked.release.xcconfig"; path = "Target Support Files/Pods-ModulesTestMocked/Pods-ModulesTestMocked.release.xcconfig"; sourceTree = "<group>"; };
		1DE21A47FC09ACFEBCE67684 /* Pods-ModulesTest-ModulesTestMocked.release.xcconfig */ = {isa = PBXFileReference; includeInIndex = 1; lastKnownFileType = text.xcconfig; name = "Pods-ModulesTest-ModulesTestMocked.release.xcconfig"; path = "Target Support Files/Pods-ModulesTest-ModulesTestMocked/Pods-ModulesTest-ModulesTestMocked.release.xcconfig"; sourceTree = "<group>"; };
		2F768F1CBBFDDB8C3DD75E98 /* Pods-ModulesTestImplementated.release.xcconfig */ = {isa = PBXFileReference; includeInIndex = 1; lastKnownFileType = text.xcconfig; name = "Pods-ModulesTestImplementated.release.xcconfig"; path = "Target Support Files/Pods-ModulesTestImplementated/Pods-ModulesTestImplementated.release.xcconfig"; sourceTree = "<group>"; };
		4CA10218995065F13E078980 /* Pods_ModulesTestMocked.framework */ = {isa = PBXFileReference; explicitFileType = wrapper.framework; includeInIndex = 0; path = Pods_ModulesTestMocked.framework; sourceTree = BUILT_PRODUCTS_DIR; };
		64555E4B2E30E1A3B0575AFF /* Pods_ModulesTestImplementated.framework */ = {isa = PBXFileReference; explicitFileType = wrapper.framework; includeInIndex = 0; path = Pods_ModulesTestImplementated.framework; sourceTree = BUILT_PRODUCTS_DIR; };
		784F6A9543AF44018B17071E /* Pods-ModulesTestMocked.debug.xcconfig */ = {isa = PBXFileReference; includeInIndex = 1; lastKnownFileType = text.xcconfig; name = "Pods-ModulesTestMocked.debug.xcconfig"; path = "Target Support Files/Pods-ModulesTestMocked/Pods-ModulesTestMocked.debug.xcconfig"; sourceTree = "<group>"; };
		83437FD0F2F8A1E9E567AEFB /* Pods-ModulesTest-ModulesTestImplementated.debug.xcconfig */ = {isa = PBXFileReference; includeInIndex = 1; lastKnownFileType = text.xcconfig; name = "Pods-ModulesTest-ModulesTestImplementated.debug.xcconfig"; path = "Target Support Files/Pods-ModulesTest-ModulesTestImplementated/Pods-ModulesTest-ModulesTestImplementated.debug.xcconfig"; sourceTree = "<group>"; };
		967E85BF8F2DD2AA03E00AFC /* Pods_ModulesTestMocked.framework */ = {isa = PBXFileReference; explicitFileType = wrapper.framework; includeInIndex = 0; path = Pods_ModulesTestMocked.framework; sourceTree = BUILT_PRODUCTS_DIR; };
		AB94B3D7C25BFCD0C68B9486 /* Pods_ModulesTestImplementated.framework */ = {isa = PBXFileReference; explicitFileType = wrapper.framework; includeInIndex = 0; path = Pods_ModulesTestImplementated.framework; sourceTree = BUILT_PRODUCTS_DIR; };
		DC277B86F7F7A9B997BC1FE6 /* Pods-ModulesTest-ModulesTestMocked.debug.xcconfig */ = {isa = PBXFileReference; includeInIndex = 1; lastKnownFileType = text.xcconfig; name = "Pods-ModulesTest-ModulesTestMocked.debug.xcconfig"; path = "Target Support Files/Pods-ModulesTest-ModulesTestMocked/Pods-ModulesTest-ModulesTestMocked.debug.xcconfig"; sourceTree = "<group>"; };
		E42D2705237D86C200BCC530 /* Implemented-Info.plist */ = {isa = PBXFileReference; lastKnownFileType = text.plist.xml; path = "Implemented-Info.plist"; sourceTree = "<group>"; };
		E42E04F92379870100554134 /* ModulesTestImplementated.app */ = {isa = PBXFileReference; explicitFileType = wrapper.application; includeInIndex = 0; path = ModulesTestImplementated.app; sourceTree = BUILT_PRODUCTS_DIR; };
		E42E04FC2379870100554134 /* AppDelegate.swift */ = {isa = PBXFileReference; lastKnownFileType = sourcecode.swift; path = AppDelegate.swift; sourceTree = "<group>"; };
		E42E04FE2379870100554134 /* SceneDelegate.swift */ = {isa = PBXFileReference; lastKnownFileType = sourcecode.swift; path = SceneDelegate.swift; sourceTree = "<group>"; };
		E42E05002379870100554134 /* ViewController.swift */ = {isa = PBXFileReference; lastKnownFileType = sourcecode.swift; path = ViewController.swift; sourceTree = "<group>"; };
		E42E05032379870100554134 /* Base */ = {isa = PBXFileReference; lastKnownFileType = file.storyboard; name = Base; path = Base.lproj/Main.storyboard; sourceTree = "<group>"; };
		E42E05052379870200554134 /* Assets.xcassets */ = {isa = PBXFileReference; lastKnownFileType = folder.assetcatalog; path = Assets.xcassets; sourceTree = "<group>"; };
		E42E05082379870200554134 /* Base */ = {isa = PBXFileReference; lastKnownFileType = file.storyboard; name = Base; path = Base.lproj/LaunchScreen.storyboard; sourceTree = "<group>"; };
		E42E050A2379870200554134 /* Info.plist */ = {isa = PBXFileReference; lastKnownFileType = text.plist.xml; path = Info.plist; sourceTree = "<group>"; };
		E42E0820237AF15400554134 /* ModulesTestMocked.app */ = {isa = PBXFileReference; explicitFileType = wrapper.application; includeInIndex = 0; path = ModulesTestMocked.app; sourceTree = BUILT_PRODUCTS_DIR; };
		E42F173B237EC81A00C18261 /* RxSwift.framework */ = {isa = PBXFileReference; explicitFileType = wrapper.framework; path = RxSwift.framework; sourceTree = BUILT_PRODUCTS_DIR; };
		E42F174C237ECDDE00C18261 /* SimpleInterface.framework */ = {isa = PBXFileReference; explicitFileType = wrapper.framework; path = SimpleInterface.framework; sourceTree = BUILT_PRODUCTS_DIR; };
		E42F174F237ECDE600C18261 /* SimpleInterface.framework */ = {isa = PBXFileReference; explicitFileType = wrapper.framework; path = SimpleInterface.framework; sourceTree = BUILT_PRODUCTS_DIR; };
		E42F1752237ECED000C18261 /* SimpleInterface.framework */ = {isa = PBXFileReference; explicitFileType = wrapper.framework; path = SimpleInterface.framework; sourceTree = BUILT_PRODUCTS_DIR; };
		E42F1755237ECED800C18261 /* SimpleInterface.framework */ = {isa = PBXFileReference; explicitFileType = wrapper.framework; path = SimpleInterface.framework; sourceTree = BUILT_PRODUCTS_DIR; };
		E42F1758237ECFDE00C18261 /* SimpleInterface.framework */ = {isa = PBXFileReference; explicitFileType = wrapper.framework; path = SimpleInterface.framework; sourceTree = BUILT_PRODUCTS_DIR; };
		E42F175B237ECFE300C18261 /* SimpleInterface.framework */ = {isa = PBXFileReference; explicitFileType = wrapper.framework; path = SimpleInterface.framework; sourceTree = BUILT_PRODUCTS_DIR; };
		E42F1763237ED8B100C18261 /* SimpleInterface.xcodeproj */ = {isa = PBXFileReference; lastKnownFileType = "wrapper.pb-project"; name = SimpleInterface.xcodeproj; path = SimpleInterface/SimpleInterface.xcodeproj; sourceTree = "<group>"; };
		E4E7E1DC237C33C00012429E /* SimpleInterface.framework */ = {isa = PBXFileReference; lastKnownFileType = wrapper.framework; name = SimpleInterface.framework; path = "../../Library/Developer/Xcode/DerivedData/ModulesTest1-gyjkysifdoxyhydrylcsmqoihwvb/Build/Products/Debug-iphonesimulator/default/SimpleInterface.framework"; sourceTree = "<group>"; };
		E4E7E1E0237C33EB0012429E /* SimpleInterface.framework */ = {isa = PBXFileReference; lastKnownFileType = wrapper.framework; name = SimpleInterface.framework; path = "../../Library/Developer/Xcode/DerivedData/ModulesTest1-gyjkysifdoxyhydrylcsmqoihwvb/Build/Products/Debug-iphonesimulator/mock/SimpleInterface.framework"; sourceTree = "<group>"; };
		E6F910B6954B8269AE5C2FD5 /* Pods-ModulesTestImplementated.debug.xcconfig */ = {isa = PBXFileReference; includeInIndex = 1; lastKnownFileType = text.xcconfig; name = "Pods-ModulesTestImplementated.debug.xcconfig"; path = "Target Support Files/Pods-ModulesTestImplementated/Pods-ModulesTestImplementated.debug.xcconfig"; sourceTree = "<group>"; };
		F53C7EAB91DD2638A325A02C /* Pods-ModulesTest-ModulesTestImplementated.release.xcconfig */ = {isa = PBXFileReference; includeInIndex = 1; lastKnownFileType = text.xcconfig; name = "Pods-ModulesTest-ModulesTestImplementated.release.xcconfig"; path = "Target Support Files/Pods-ModulesTest-ModulesTestImplementated/Pods-ModulesTest-ModulesTestImplementated.release.xcconfig"; sourceTree = "<group>"; };
/* End PBXFileReference section */

/* Begin PBXFrameworksBuildPhase section */
		E42E04F62379870100554134 /* Frameworks */ = {
			isa = PBXFrameworksBuildPhase;
			buildActionMask = 2147483647;
			files = (
				E42F176E237ED8F200C18261 /* SimpleInterface.framework in Frameworks */,
				898A0896FACDE9E180EF85BC /* Pods_ModulesTestImplementated.framework in Frameworks */,
			);
			runOnlyForDeploymentPostprocessing = 0;
		};
		E42E0818237AF15400554134 /* Frameworks */ = {
			isa = PBXFrameworksBuildPhase;
			buildActionMask = 2147483647;
			files = (
				E42F176C237ED8EA00C18261 /* SimpleInterface.framework in Frameworks */,
				412A76D4EFC4A754A2F914A2 /* Pods_ModulesTestMocked.framework in Frameworks */,
			);
			runOnlyForDeploymentPostprocessing = 0;
		};
/* End PBXFrameworksBuildPhase section */

/* Begin PBXGroup section */
		77CF6B93DB1C9AF36BCED946 /* Pods */ = {
			isa = PBXGroup;
			children = (
				E6F910B6954B8269AE5C2FD5 /* Pods-ModulesTestImplementated.debug.xcconfig */,
				2F768F1CBBFDDB8C3DD75E98 /* Pods-ModulesTestImplementated.release.xcconfig */,
				784F6A9543AF44018B17071E /* Pods-ModulesTestMocked.debug.xcconfig */,
				0E81FE422259CFAD301EA8D8 /* Pods-ModulesTestMocked.release.xcconfig */,
				83437FD0F2F8A1E9E567AEFB /* Pods-ModulesTest-ModulesTestImplementated.debug.xcconfig */,
				F53C7EAB91DD2638A325A02C /* Pods-ModulesTest-ModulesTestImplementated.release.xcconfig */,
				DC277B86F7F7A9B997BC1FE6 /* Pods-ModulesTest-ModulesTestMocked.debug.xcconfig */,
				1DE21A47FC09ACFEBCE67684 /* Pods-ModulesTest-ModulesTestMocked.release.xcconfig */,
			);
			path = Pods;
			sourceTree = "<group>";
		};
		E42E04F02379870100554134 = {
			isa = PBXGroup;
			children = (
				E42F1763237ED8B100C18261 /* SimpleInterface.xcodeproj */,
				E42E04FB2379870100554134 /* ModulesTest */,
				E42E04FA2379870100554134 /* Products */,
				E42E0831237AF8C300554134 /* Frameworks */,
				77CF6B93DB1C9AF36BCED946 /* Pods */,
				E42F1760237ED7CF00C18261 /* Recovered References */,
			);
			sourceTree = "<group>";
		};
		E42E04FA2379870100554134 /* Products */ = {
			isa = PBXGroup;
			children = (
				E42E04F92379870100554134 /* ModulesTestImplementated.app */,
				E42E0820237AF15400554134 /* ModulesTestMocked.app */,
			);
			name = Products;
			sourceTree = "<group>";
		};
		E42E04FB2379870100554134 /* ModulesTest */ = {
			isa = PBXGroup;
			children = (
				E42E04FC2379870100554134 /* AppDelegate.swift */,
				E42E04FE2379870100554134 /* SceneDelegate.swift */,
				E42E05002379870100554134 /* ViewController.swift */,
				E42E05022379870100554134 /* Main.storyboard */,
				E42E05052379870200554134 /* Assets.xcassets */,
				E42E05072379870200554134 /* LaunchScreen.storyboard */,
				E42E050A2379870200554134 /* Info.plist */,
				E42D2705237D86C200BCC530 /* Implemented-Info.plist */,
			);
			path = ModulesTest;
			sourceTree = "<group>";
		};
		E42E0831237AF8C300554134 /* Frameworks */ = {
			isa = PBXGroup;
			children = (
				E42F175B237ECFE300C18261 /* SimpleInterface.framework */,
				E42F1758237ECFDE00C18261 /* SimpleInterface.framework */,
				E42F1755237ECED800C18261 /* SimpleInterface.framework */,
				E42F1752237ECED000C18261 /* SimpleInterface.framework */,
				E42F174F237ECDE600C18261 /* SimpleInterface.framework */,
				E42F174C237ECDDE00C18261 /* SimpleInterface.framework */,
				E42F173B237EC81A00C18261 /* RxSwift.framework */,
				E4E7E1E0237C33EB0012429E /* SimpleInterface.framework */,
				E4E7E1DC237C33C00012429E /* SimpleInterface.framework */,
				AB94B3D7C25BFCD0C68B9486 /* Pods_ModulesTestImplementated.framework */,
				967E85BF8F2DD2AA03E00AFC /* Pods_ModulesTestMocked.framework */,
			);
			name = Frameworks;
			sourceTree = "<group>";
		};
		E42F1760237ED7CF00C18261 /* Recovered References */ = {
			isa = PBXGroup;
			children = (
				4CA10218995065F13E078980 /* Pods_ModulesTestMocked.framework */,
				64555E4B2E30E1A3B0575AFF /* Pods_ModulesTestImplementated.framework */,
			);
			name = "Recovered References";
			sourceTree = "<group>";
		};
		E42F1764237ED8B100C18261 /* Products */ = {
			isa = PBXGroup;
			children = (
				E42F1769237ED8B100C18261 /* SimpleInterface.framework */,
				E42F176B237ED8B100C18261 /* SimpleInterface.framework */,
			);
			name = Products;
			sourceTree = "<group>";
		};
/* End PBXGroup section */

/* Begin PBXNativeTarget section */
		E42E04F82379870100554134 /* ModulesTestImplementated */ = {
			isa = PBXNativeTarget;
			buildConfigurationList = E42E050D2379870200554134 /* Build configuration list for PBXNativeTarget "ModulesTestImplementated" */;
			buildPhases = (
				D76854BD68931B6534B7C03D /* [CP] Check Pods Manifest.lock */,
				E42E04F52379870100554134 /* Sources */,
				E42E04F62379870100554134 /* Frameworks */,
				E42E04F72379870100554134 /* Resources */,
				E42F16D8237EA1ED00C18261 /* Embed Frameworks */,
				D2FEDDED7A23A21BCC64BDAB /* [CP] Embed Pods Frameworks */,
			);
			buildRules = (
			);
			dependencies = (
			);
			name = ModulesTestImplementated;
			productName = ModulesTest1;
			productReference = E42E04F92379870100554134 /* ModulesTestImplementated.app */;
			productType = "com.apple.product-type.application";
		};
		E42E0813237AF15400554134 /* ModulesTestMocked */ = {
			isa = PBXNativeTarget;
			buildConfigurationList = E42E081D237AF15400554134 /* Build configuration list for PBXNativeTarget "ModulesTestMocked" */;
			buildPhases = (
				30F278A5F776F123C6F902F9 /* [CP] Check Pods Manifest.lock */,
				E42E0814237AF15400554134 /* Sources */,
				E42E0818237AF15400554134 /* Frameworks */,
				E42E0819237AF15400554134 /* Resources */,
				8DD38E6C15BA83BBC28AE5AF /* [CP] Embed Pods Frameworks */,
				E42F16D5237EA1E500C18261 /* Embed Frameworks */,
			);
			buildRules = (
			);
			dependencies = (
			);
			name = ModulesTestMocked;
			productName = ModulesTest1;
			productReference = E42E0820237AF15400554134 /* ModulesTestMocked.app */;
			productType = "com.apple.product-type.application";
		};
/* End PBXNativeTarget section */

/* Begin PBXProject section */
		E42E04F12379870100554134 /* Project object */ = {
			isa = PBXProject;
			attributes = {
				LastSwiftUpdateCheck = 1100;
				LastUpgradeCheck = 1100;
				ORGANIZATIONNAME = "Roman Movchan";
				TargetAttributes = {
					E42E04F82379870100554134 = {
						CreatedOnToolsVersion = 11.0;
					};
				};
			};
			buildConfigurationList = E42E04F42379870100554134 /* Build configuration list for PBXProject "ModulesTest" */;
			compatibilityVersion = "Xcode 9.3";
			developmentRegion = en;
			hasScannedForEncodings = 0;
			knownRegions = (
				en,
				Base,
			);
			mainGroup = E42E04F02379870100554134;
			productRefGroup = E42E04FA2379870100554134 /* Products */;
			projectDirPath = "";
			projectReferences = (
				{
					ProductGroup = E42F1764237ED8B100C18261 /* Products */;
					ProjectRef = E42F1763237ED8B100C18261 /* SimpleInterface.xcodeproj */;
				},
			);
			projectRoot = "";
			targets = (
				E42E0813237AF15400554134 /* ModulesTestMocked */,
				E42E04F82379870100554134 /* ModulesTestImplementated */,
			);
		};
/* End PBXProject section */

/* Begin PBXReferenceProxy section */
		E42F1769237ED8B100C18261 /* SimpleInterface.framework */ = {
			isa = PBXReferenceProxy;
			fileType = wrapper.framework;
			path = SimpleInterface.framework;
			remoteRef = E42F1768237ED8B100C18261 /* PBXContainerItemProxy */;
			sourceTree = BUILT_PRODUCTS_DIR;
		};
		E42F176B237ED8B100C18261 /* SimpleInterface.framework */ = {
			isa = PBXReferenceProxy;
			fileType = wrapper.framework;
			path = SimpleInterface.framework;
			remoteRef = E42F176A237ED8B100C18261 /* PBXContainerItemProxy */;
			sourceTree = BUILT_PRODUCTS_DIR;
		};
/* End PBXReferenceProxy section */

/* Begin PBXResourcesBuildPhase section */
		E42E04F72379870100554134 /* Resources */ = {
			isa = PBXResourcesBuildPhase;
			buildActionMask = 2147483647;
			files = (
				E42E05092379870200554134 /* LaunchScreen.storyboard in Resources */,
				E42E05062379870200554134 /* Assets.xcassets in Resources */,
				E42E05042379870100554134 /* Main.storyboard in Resources */,
			);
			runOnlyForDeploymentPostprocessing = 0;
		};
		E42E0819237AF15400554134 /* Resources */ = {
			isa = PBXResourcesBuildPhase;
			buildActionMask = 2147483647;
			files = (
				E42E081A237AF15400554134 /* LaunchScreen.storyboard in Resources */,
				E42E081B237AF15400554134 /* Assets.xcassets in Resources */,
				E42E081C237AF15400554134 /* Main.storyboard in Resources */,
			);
			runOnlyForDeploymentPostprocessing = 0;
		};
/* End PBXResourcesBuildPhase section */

/* Begin PBXShellScriptBuildPhase section */
		30F278A5F776F123C6F902F9 /* [CP] Check Pods Manifest.lock */ = {
			isa = PBXShellScriptBuildPhase;
			buildActionMask = 2147483647;
			files = (
			);
			inputFileListPaths = (
			);
			inputPaths = (
				"${PODS_PODFILE_DIR_PATH}/Podfile.lock",
				"${PODS_ROOT}/Manifest.lock",
			);
			name = "[CP] Check Pods Manifest.lock";
			outputFileListPaths = (
			);
			outputPaths = (
				"$(DERIVED_FILE_DIR)/Pods-ModulesTestMocked-checkManifestLockResult.txt",
			);
			runOnlyForDeploymentPostprocessing = 0;
			shellPath = /bin/sh;
			shellScript = "diff \"${PODS_PODFILE_DIR_PATH}/Podfile.lock\" \"${PODS_ROOT}/Manifest.lock\" > /dev/null\nif [ $? != 0 ] ; then\n    # print error to STDERR\n    echo \"error: The sandbox is not in sync with the Podfile.lock. Run 'pod install' or update your CocoaPods installation.\" >&2\n    exit 1\nfi\n# This output is used by Xcode 'outputs' to avoid re-running this script phase.\necho \"SUCCESS\" > \"${SCRIPT_OUTPUT_FILE_0}\"\n";
			showEnvVarsInLog = 0;
		};
		8DD38E6C15BA83BBC28AE5AF /* [CP] Embed Pods Frameworks */ = {
			isa = PBXShellScriptBuildPhase;
			buildActionMask = 2147483647;
			files = (
			);
			inputFileListPaths = (
				"${PODS_ROOT}/Target Support Files/Pods-ModulesTestMocked/Pods-ModulesTestMocked-frameworks-${CONFIGURATION}-input-files.xcfilelist",
			);
			name = "[CP] Embed Pods Frameworks";
			outputFileListPaths = (
				"${PODS_ROOT}/Target Support Files/Pods-ModulesTestMocked/Pods-ModulesTestMocked-frameworks-${CONFIGURATION}-output-files.xcfilelist",
			);
			runOnlyForDeploymentPostprocessing = 0;
			shellPath = /bin/sh;
			shellScript = "\"${PODS_ROOT}/Target Support Files/Pods-ModulesTestMocked/Pods-ModulesTestMocked-frameworks.sh\"\n";
			showEnvVarsInLog = 0;
		};
		D2FEDDED7A23A21BCC64BDAB /* [CP] Embed Pods Frameworks */ = {
			isa = PBXShellScriptBuildPhase;
			buildActionMask = 2147483647;
			files = (
			);
			inputFileListPaths = (
				"${PODS_ROOT}/Target Support Files/Pods-ModulesTestImplementated/Pods-ModulesTestImplementated-frameworks-${CONFIGURATION}-input-files.xcfilelist",
			);
			name = "[CP] Embed Pods Frameworks";
			outputFileListPaths = (
				"${PODS_ROOT}/Target Support Files/Pods-ModulesTestImplementated/Pods-ModulesTestImplementated-frameworks-${CONFIGURATION}-output-files.xcfilelist",
			);
			runOnlyForDeploymentPostprocessing = 0;
			shellPath = /bin/sh;
			shellScript = "\"${PODS_ROOT}/Target Support Files/Pods-ModulesTestImplementated/Pods-ModulesTestImplementated-frameworks.sh\"\n";
			showEnvVarsInLog = 0;
		};
		D76854BD68931B6534B7C03D /* [CP] Check Pods Manifest.lock */ = {
			isa = PBXShellScriptBuildPhase;
			buildActionMask = 2147483647;
			files = (
			);
			inputFileListPaths = (
			);
			inputPaths = (
				"${PODS_PODFILE_DIR_PATH}/Podfile.lock",
				"${PODS_ROOT}/Manifest.lock",
			);
			name = "[CP] Check Pods Manifest.lock";
			outputFileListPaths = (
			);
			outputPaths = (
				"$(DERIVED_FILE_DIR)/Pods-ModulesTestImplementated-checkManifestLockResult.txt",
			);
			runOnlyForDeploymentPostprocessing = 0;
			shellPath = /bin/sh;
			shellScript = "diff \"${PODS_PODFILE_DIR_PATH}/Podfile.lock\" \"${PODS_ROOT}/Manifest.lock\" > /dev/null\nif [ $? != 0 ] ; then\n    # print error to STDERR\n    echo \"error: The sandbox is not in sync with the Podfile.lock. Run 'pod install' or update your CocoaPods installation.\" >&2\n    exit 1\nfi\n# This output is used by Xcode 'outputs' to avoid re-running this script phase.\necho \"SUCCESS\" > \"${SCRIPT_OUTPUT_FILE_0}\"\n";
			showEnvVarsInLog = 0;
		};
/* End PBXShellScriptBuildPhase section */

/* Begin PBXSourcesBuildPhase section */
		E42E04F52379870100554134 /* Sources */ = {
			isa = PBXSourcesBuildPhase;
			buildActionMask = 2147483647;
			files = (
				E42E05012379870100554134 /* ViewController.swift in Sources */,
				E42E04FD2379870100554134 /* AppDelegate.swift in Sources */,
				E42E04FF2379870100554134 /* SceneDelegate.swift in Sources */,
			);
			runOnlyForDeploymentPostprocessing = 0;
		};
		E42E0814237AF15400554134 /* Sources */ = {
			isa = PBXSourcesBuildPhase;
			buildActionMask = 2147483647;
			files = (
				E42E0815237AF15400554134 /* ViewController.swift in Sources */,
				E42E0816237AF15400554134 /* AppDelegate.swift in Sources */,
				E42E0817237AF15400554134 /* SceneDelegate.swift in Sources */,
			);
			runOnlyForDeploymentPostprocessing = 0;
		};
/* End PBXSourcesBuildPhase section */

/* Begin PBXVariantGroup section */
		E42E05022379870100554134 /* Main.storyboard */ = {
			isa = PBXVariantGroup;
			children = (
				E42E05032379870100554134 /* Base */,
			);
			name = Main.storyboard;
			sourceTree = "<group>";
		};
		E42E05072379870200554134 /* LaunchScreen.storyboard */ = {
			isa = PBXVariantGroup;
			children = (
				E42E05082379870200554134 /* Base */,
			);
			name = LaunchScreen.storyboard;
			sourceTree = "<group>";
		};
/* End PBXVariantGroup section */

/* Begin XCBuildConfiguration section */
		E42E050B2379870200554134 /* Debug */ = {
			isa = XCBuildConfiguration;
			buildSettings = {
				ALWAYS_SEARCH_USER_PATHS = NO;
				CLANG_ANALYZER_NONNULL = YES;
				CLANG_ANALYZER_NUMBER_OBJECT_CONVERSION = YES_AGGRESSIVE;
				CLANG_CXX_LANGUAGE_STANDARD = "gnu++14";
				CLANG_CXX_LIBRARY = "libc++";
				CLANG_ENABLE_MODULES = YES;
				CLANG_ENABLE_OBJC_ARC = YES;
				CLANG_ENABLE_OBJC_WEAK = YES;
				CLANG_WARN_BLOCK_CAPTURE_AUTORELEASING = YES;
				CLANG_WARN_BOOL_CONVERSION = YES;
				CLANG_WARN_COMMA = YES;
				CLANG_WARN_CONSTANT_CONVERSION = YES;
				CLANG_WARN_DEPRECATED_OBJC_IMPLEMENTATIONS = YES;
				CLANG_WARN_DIRECT_OBJC_ISA_USAGE = YES_ERROR;
				CLANG_WARN_DOCUMENTATION_COMMENTS = YES;
				CLANG_WARN_EMPTY_BODY = YES;
				CLANG_WARN_ENUM_CONVERSION = YES;
				CLANG_WARN_INFINITE_RECURSION = YES;
				CLANG_WARN_INT_CONVERSION = YES;
				CLANG_WARN_NON_LITERAL_NULL_CONVERSION = YES;
				CLANG_WARN_OBJC_IMPLICIT_RETAIN_SELF = YES;
				CLANG_WARN_OBJC_LITERAL_CONVERSION = YES;
				CLANG_WARN_OBJC_ROOT_CLASS = YES_ERROR;
				CLANG_WARN_RANGE_LOOP_ANALYSIS = YES;
				CLANG_WARN_STRICT_PROTOTYPES = YES;
				CLANG_WARN_SUSPICIOUS_MOVE = YES;
				CLANG_WARN_UNGUARDED_AVAILABILITY = YES_AGGRESSIVE;
				CLANG_WARN_UNREACHABLE_CODE = YES;
				CLANG_WARN__DUPLICATE_METHOD_MATCH = YES;
				COPY_PHASE_STRIP = NO;
				DEBUG_INFORMATION_FORMAT = dwarf;
				ENABLE_STRICT_OBJC_MSGSEND = YES;
				ENABLE_TESTABILITY = YES;
				FRAMEWORK_SEARCH_PATHS = "\"$(BUILT_PRODUCTS_DIR)/SimpleInterface/**\"";
				GCC_C_LANGUAGE_STANDARD = gnu11;
				GCC_DYNAMIC_NO_PIC = NO;
				GCC_NO_COMMON_BLOCKS = YES;
				GCC_OPTIMIZATION_LEVEL = 0;
				GCC_PREPROCESSOR_DEFINITIONS = (
					"DEBUG=1",
					"$(inherited)",
				);
				GCC_WARN_64_TO_32_BIT_CONVERSION = YES;
				GCC_WARN_ABOUT_RETURN_TYPE = YES_ERROR;
				GCC_WARN_UNDECLARED_SELECTOR = YES;
				GCC_WARN_UNINITIALIZED_AUTOS = YES_AGGRESSIVE;
				GCC_WARN_UNUSED_FUNCTION = YES;
				GCC_WARN_UNUSED_VARIABLE = YES;
				HEADER_SEARCH_PATHS = "";
				IPHONEOS_DEPLOYMENT_TARGET = 13.0;
				MTL_ENABLE_DEBUG_INFO = INCLUDE_SOURCE;
				MTL_FAST_MATH = YES;
				ONLY_ACTIVE_ARCH = NO;
				SDKROOT = iphoneos;
				SWIFT_ACTIVE_COMPILATION_CONDITIONS = DEBUG;
				SWIFT_OPTIMIZATION_LEVEL = "-Onone";
				VALID_ARCHS = "arm64 arm64e armv7 armv7s x86_64 x86 i386";
			};
			name = Debug;
		};
		E42E050C2379870200554134 /* Release */ = {
			isa = XCBuildConfiguration;
			buildSettings = {
				ALWAYS_SEARCH_USER_PATHS = NO;
				CLANG_ANALYZER_NONNULL = YES;
				CLANG_ANALYZER_NUMBER_OBJECT_CONVERSION = YES_AGGRESSIVE;
				CLANG_CXX_LANGUAGE_STANDARD = "gnu++14";
				CLANG_CXX_LIBRARY = "libc++";
				CLANG_ENABLE_MODULES = YES;
				CLANG_ENABLE_OBJC_ARC = YES;
				CLANG_ENABLE_OBJC_WEAK = YES;
				CLANG_WARN_BLOCK_CAPTURE_AUTORELEASING = YES;
				CLANG_WARN_BOOL_CONVERSION = YES;
				CLANG_WARN_COMMA = YES;
				CLANG_WARN_CONSTANT_CONVERSION = YES;
				CLANG_WARN_DEPRECATED_OBJC_IMPLEMENTATIONS = YES;
				CLANG_WARN_DIRECT_OBJC_ISA_USAGE = YES_ERROR;
				CLANG_WARN_DOCUMENTATION_COMMENTS = YES;
				CLANG_WARN_EMPTY_BODY = YES;
				CLANG_WARN_ENUM_CONVERSION = YES;
				CLANG_WARN_INFINITE_RECURSION = YES;
				CLANG_WARN_INT_CONVERSION = YES;
				CLANG_WARN_NON_LITERAL_NULL_CONVERSION = YES;
				CLANG_WARN_OBJC_IMPLICIT_RETAIN_SELF = YES;
				CLANG_WARN_OBJC_LITERAL_CONVERSION = YES;
				CLANG_WARN_OBJC_ROOT_CLASS = YES_ERROR;
				CLANG_WARN_RANGE_LOOP_ANALYSIS = YES;
				CLANG_WARN_STRICT_PROTOTYPES = YES;
				CLANG_WARN_SUSPICIOUS_MOVE = YES;
				CLANG_WARN_UNGUARDED_AVAILABILITY = YES_AGGRESSIVE;
				CLANG_WARN_UNREACHABLE_CODE = YES;
				CLANG_WARN__DUPLICATE_METHOD_MATCH = YES;
				COPY_PHASE_STRIP = NO;
				DEBUG_INFORMATION_FORMAT = "dwarf-with-dsym";
				ENABLE_NS_ASSERTIONS = NO;
				ENABLE_STRICT_OBJC_MSGSEND = YES;
				FRAMEWORK_SEARCH_PATHS = "\"$(BUILT_PRODUCTS_DIR)/SimpleInterface/**\"";
				GCC_C_LANGUAGE_STANDARD = gnu11;
				GCC_NO_COMMON_BLOCKS = YES;
				GCC_WARN_64_TO_32_BIT_CONVERSION = YES;
				GCC_WARN_ABOUT_RETURN_TYPE = YES_ERROR;
				GCC_WARN_UNDECLARED_SELECTOR = YES;
				GCC_WARN_UNINITIALIZED_AUTOS = YES_AGGRESSIVE;
				GCC_WARN_UNUSED_FUNCTION = YES;
				GCC_WARN_UNUSED_VARIABLE = YES;
				HEADER_SEARCH_PATHS = "";
				IPHONEOS_DEPLOYMENT_TARGET = 13.0;
				MTL_ENABLE_DEBUG_INFO = NO;
				MTL_FAST_MATH = YES;
				SDKROOT = iphoneos;
				SWIFT_COMPILATION_MODE = wholemodule;
				SWIFT_OPTIMIZATION_LEVEL = "-O";
				VALIDATE_PRODUCT = YES;
				VALID_ARCHS = "arm64 arm64e armv7 armv7s x86_64 x86 i386";
			};
			name = Release;
		};
		E42E050E2379870200554134 /* Debug */ = {
			isa = XCBuildConfiguration;
			baseConfigurationReference = E6F910B6954B8269AE5C2FD5 /* Pods-ModulesTestImplementated.debug.xcconfig */;
			buildSettings = {
				ASSETCATALOG_COMPILER_APPICON_NAME = AppIcon;
				CODE_SIGN_STYLE = Automatic;
				DEVELOPMENT_TEAM = 4YMSM55897;
				INFOPLIST_FILE = "ModulesTest/Implemented-Info.plist";
				LD_RUNPATH_SEARCH_PATHS = (
					"$(inherited)",
					"@executable_path/Frameworks",
				);
				PRODUCT_BUNDLE_IDENTIFIER = RomanMovchan.ModulesTest;
				PRODUCT_NAME = "$(TARGET_NAME)";
				SWIFT_OBJC_BRIDGING_HEADER = "";
				SWIFT_VERSION = 5.0;
				TARGETED_DEVICE_FAMILY = "1,2";
			};
			name = Debug;
		};
		E42E050F2379870200554134 /* Release */ = {
			isa = XCBuildConfiguration;
			baseConfigurationReference = 2F768F1CBBFDDB8C3DD75E98 /* Pods-ModulesTestImplementated.release.xcconfig */;
			buildSettings = {
				ASSETCATALOG_COMPILER_APPICON_NAME = AppIcon;
				CODE_SIGN_STYLE = Automatic;
				DEVELOPMENT_TEAM = 4YMSM55897;
				INFOPLIST_FILE = "ModulesTest/Implemented-Info.plist";
				LD_RUNPATH_SEARCH_PATHS = (
					"$(inherited)",
					"@executable_path/Frameworks",
				);
				PRODUCT_BUNDLE_IDENTIFIER = RomanMovchan.ModulesTest;
				PRODUCT_NAME = "$(TARGET_NAME)";
				SWIFT_OBJC_BRIDGING_HEADER = "";
				SWIFT_VERSION = 5.0;
				TARGETED_DEVICE_FAMILY = "1,2";
			};
			name = Release;
		};
		E42E081E237AF15400554134 /* Debug */ = {
			isa = XCBuildConfiguration;
			baseConfigurationReference = 784F6A9543AF44018B17071E /* Pods-ModulesTestMocked.debug.xcconfig */;
			buildSettings = {
				ASSETCATALOG_COMPILER_APPICON_NAME = AppIcon;
				CODE_SIGN_STYLE = Automatic;
				DEVELOPMENT_TEAM = 4YMSM55897;
				INFOPLIST_FILE = ModulesTest/Info.plist;
				LD_RUNPATH_SEARCH_PATHS = (
					"$(inherited)",
					"@executable_path/Frameworks",
				);
				PRODUCT_BUNDLE_IDENTIFIER = RomanMovchan.ModulesTest;
				PRODUCT_NAME = "$(TARGET_NAME)";
				SWIFT_OBJC_BRIDGING_HEADER = "";
				SWIFT_VERSION = 5.0;
				TARGETED_DEVICE_FAMILY = "1,2";
			};
			name = Debug;
		};
		E42E081F237AF15400554134 /* Release */ = {
			isa = XCBuildConfiguration;
			baseConfigurationReference = 0E81FE422259CFAD301EA8D8 /* Pods-ModulesTestMocked.release.xcconfig */;
			buildSettings = {
				ASSETCATALOG_COMPILER_APPICON_NAME = AppIcon;
				CODE_SIGN_STYLE = Automatic;
				DEVELOPMENT_TEAM = 4YMSM55897;
				INFOPLIST_FILE = ModulesTest/Info.plist;
				LD_RUNPATH_SEARCH_PATHS = (
					"$(inherited)",
					"@executable_path/Frameworks",
				);
				PRODUCT_BUNDLE_IDENTIFIER = RomanMovchan.ModulesTest;
				PRODUCT_NAME = "$(TARGET_NAME)";
				SWIFT_OBJC_BRIDGING_HEADER = "";
				SWIFT_VERSION = 5.0;
				TARGETED_DEVICE_FAMILY = "1,2";
			};
			name = Release;
		};
/* End XCBuildConfiguration section */

/* Begin XCConfigurationList section */
		E42E04F42379870100554134 /* Build configuration list for PBXProject "ModulesTest" */ = {
			isa = XCConfigurationList;
			buildConfigurations = (
				E42E050B2379870200554134 /* Debug */,
				E42E050C2379870200554134 /* Release */,
			);
			defaultConfigurationIsVisible = 0;
			defaultConfigurationName = Release;
		};
		E42E050D2379870200554134 /* Build configuration list for PBXNativeTarget "ModulesTestImplementated" */ = {
			isa = XCConfigurationList;
			buildConfigurations = (
				E42E050E2379870200554134 /* Debug */,
				E42E050F2379870200554134 /* Release */,
			);
			defaultConfigurationIsVisible = 0;
			defaultConfigurationName = Release;
		};
		E42E081D237AF15400554134 /* Build configuration list for PBXNativeTarget "ModulesTestMocked" */ = {
			isa = XCConfigurationList;
			buildConfigurations = (
				E42E081E237AF15400554134 /* Debug */,
				E42E081F237AF15400554134 /* Release */,
			);
			defaultConfigurationIsVisible = 0;
			defaultConfigurationName = Release;
		};
/* End XCConfigurationList section */
	};
	rootObject = E42E04F12379870100554134 /* Project object */;
}
