// !$*UTF8*$!
{
	archiveVersion = 1;
	classes = {
	};
	objectVersion = 50;
	objects = {

/* Begin PBXBuildFile section */
		E42D26EA237C663B00BCC530 /* Injector.swift in Sources */ = {isa = PBXBuildFile; fileRef = E42D26E9237C663B00BCC530 /* Injector.swift */; };
		E42D26EB237C663B00BCC530 /* Injector.swift in Sources */ = {isa = PBXBuildFile; fileRef = E42D26E9237C663B00BCC530 /* Injector.swift */; };
		E42E084B237AFC5A00554134 /* SimpleInterface.h in Headers */ = {isa = PBXBuildFile; fileRef = E42E0849237AFC5A00554134 /* SimpleInterface.h */; settings = {ATTRIBUTES = (Public, ); }; };
		E42E0858237AFC8600554134 /* SimpleProtocol.swift in Sources */ = {isa = PBXBuildFile; fileRef = E42E0857237AFC8600554134 /* SimpleProtocol.swift */; };
		E42FD46B237C02EE00412B97 /* SimpleImplementation.swift in Sources */ = {isa = PBXBuildFile; fileRef = E42FD46A237C02EE00412B97 /* SimpleImplementation.swift */; };
		E42FD470237C032500412B97 /* SimpleInterface.h in Headers */ = {isa = PBXBuildFile; fileRef = E42E0849237AFC5A00554134 /* SimpleInterface.h */; settings = {ATTRIBUTES = (Public, ); }; };
		E42FD472237C032500412B97 /* SimpleProtocol.swift in Sources */ = {isa = PBXBuildFile; fileRef = E42E0857237AFC8600554134 /* SimpleProtocol.swift */; };
		E42FD473237C032500412B97 /* SimpleMock.swift in Sources */ = {isa = PBXBuildFile; fileRef = E42FD46C237C02F500412B97 /* SimpleMock.swift */; };
/* End PBXBuildFile section */

/* Begin PBXFileReference section */
		E42D26E9237C663B00BCC530 /* Injector.swift */ = {isa = PBXFileReference; lastKnownFileType = sourcecode.swift; path = Injector.swift; sourceTree = "<group>"; };
		E42E0846237AFC5A00554134 /* SimpleInterface.framework */ = {isa = PBXFileReference; explicitFileType = wrapper.framework; includeInIndex = 0; path = SimpleInterface.framework; sourceTree = BUILT_PRODUCTS_DIR; };
		E42E0849237AFC5A00554134 /* SimpleInterface.h */ = {isa = PBXFileReference; lastKnownFileType = sourcecode.c.h; path = SimpleInterface.h; sourceTree = "<group>"; };
		E42E084A237AFC5A00554134 /* Info.plist */ = {isa = PBXFileReference; lastKnownFileType = text.plist.xml; path = Info.plist; sourceTree = "<group>"; };
		E42E0857237AFC8600554134 /* SimpleProtocol.swift */ = {isa = PBXFileReference; lastKnownFileType = sourcecode.swift; path = SimpleProtocol.swift; sourceTree = "<group>"; };
		E42FD46A237C02EE00412B97 /* SimpleImplementation.swift */ = {isa = PBXFileReference; lastKnownFileType = sourcecode.swift; path = SimpleImplementation.swift; sourceTree = "<group>"; };
		E42FD46C237C02F500412B97 /* SimpleMock.swift */ = {isa = PBXFileReference; lastKnownFileType = sourcecode.swift; path = SimpleMock.swift; sourceTree = "<group>"; };
		E42FD47A237C032500412B97 /* SimpleInterface.framework */ = {isa = PBXFileReference; explicitFileType = wrapper.framework; includeInIndex = 0; path = SimpleInterface.framework; sourceTree = BUILT_PRODUCTS_DIR; };
		E42FD47B237C032600412B97 /* SimpleInterface copy-Info.plist */ = {isa = PBXFileReference; lastKnownFileType = text.plist.xml; name = "SimpleInterface copy-Info.plist"; path = "/Users/roman_movchan/StudyProjects/FrameworkTest/SimpleInterface/SimpleInterface copy-Info.plist"; sourceTree = "<absolute>"; };
/* End PBXFileReference section */

/* Begin PBXFrameworksBuildPhase section */
		E42E0843237AFC5A00554134 /* Frameworks */ = {
			isa = PBXFrameworksBuildPhase;
			buildActionMask = 2147483647;
			files = (
			);
			runOnlyForDeploymentPostprocessing = 0;
		};
		E42FD475237C032500412B97 /* Frameworks */ = {
			isa = PBXFrameworksBuildPhase;
			buildActionMask = 2147483647;
			files = (
			);
			runOnlyForDeploymentPostprocessing = 0;
		};
/* End PBXFrameworksBuildPhase section */

/* Begin PBXGroup section */
		E42E083C237AFC5A00554134 = {
			isa = PBXGroup;
			children = (
				E42E0848237AFC5A00554134 /* SimpleInterface */,
				E42E0847237AFC5A00554134 /* Products */,
				E42FD47B237C032600412B97 /* SimpleInterface copy-Info.plist */,
			);
			sourceTree = "<group>";
		};
		E42E0847237AFC5A00554134 /* Products */ = {
			isa = PBXGroup;
			children = (
				E42E0846237AFC5A00554134 /* SimpleInterface.framework */,
				E42FD47A237C032500412B97 /* SimpleInterface.framework */,
			);
			name = Products;
			sourceTree = "<group>";
		};
		E42E0848237AFC5A00554134 /* SimpleInterface */ = {
			isa = PBXGroup;
			children = (
				E42FD469237C02DC00412B97 /* Contract */,
				E42E0849237AFC5A00554134 /* SimpleInterface.h */,
				E42FD46A237C02EE00412B97 /* SimpleImplementation.swift */,
				E42FD46C237C02F500412B97 /* SimpleMock.swift */,
				E42D26E9237C663B00BCC530 /* Injector.swift */,
				E42E084A237AFC5A00554134 /* Info.plist */,
			);
			path = SimpleInterface;
			sourceTree = "<group>";
		};
		E42FD469237C02DC00412B97 /* Contract */ = {
			isa = PBXGroup;
			children = (
				E42E0857237AFC8600554134 /* SimpleProtocol.swift */,
			);
			path = Contract;
			sourceTree = "<group>";
		};
/* End PBXGroup section */

/* Begin PBXHeadersBuildPhase section */
		E42E0841237AFC5A00554134 /* Headers */ = {
			isa = PBXHeadersBuildPhase;
			buildActionMask = 2147483647;
			files = (
				E42E084B237AFC5A00554134 /* SimpleInterface.h in Headers */,
			);
			runOnlyForDeploymentPostprocessing = 0;
		};
		E42FD46F237C032500412B97 /* Headers */ = {
			isa = PBXHeadersBuildPhase;
			buildActionMask = 2147483647;
			files = (
				E42FD470237C032500412B97 /* SimpleInterface.h in Headers */,
			);
			runOnlyForDeploymentPostprocessing = 0;
		};
/* End PBXHeadersBuildPhase section */

/* Begin PBXNativeTarget section */
		E42E0845237AFC5A00554134 /* SimpleInterface */ = {
			isa = PBXNativeTarget;
			buildConfigurationList = E42E084E237AFC5A00554134 /* Build configuration list for PBXNativeTarget "SimpleInterface" */;
			buildPhases = (
				E42E0841237AFC5A00554134 /* Headers */,
				E42E0842237AFC5A00554134 /* Sources */,
				E42E0843237AFC5A00554134 /* Frameworks */,
				E42E0844237AFC5A00554134 /* Resources */,
			);
			buildRules = (
			);
			dependencies = (
			);
			name = SimpleInterface;
			productName = SimpleInterface;
			productReference = E42E0846237AFC5A00554134 /* SimpleInterface.framework */;
			productType = "com.apple.product-type.framework";
		};
		E42FD46E237C032500412B97 /* SimpleInterfaceMock */ = {
			isa = PBXNativeTarget;
			buildConfigurationList = E42FD477237C032500412B97 /* Build configuration list for PBXNativeTarget "SimpleInterfaceMock" */;
			buildPhases = (
				E42FD46F237C032500412B97 /* Headers */,
				E42FD471237C032500412B97 /* Sources */,
				E42FD475237C032500412B97 /* Frameworks */,
				E42FD476237C032500412B97 /* Resources */,
			);
			buildRules = (
			);
			dependencies = (
			);
			name = SimpleInterfaceMock;
			productName = SimpleInterface;
			productReference = E42FD47A237C032500412B97 /* SimpleInterface.framework */;
			productType = "com.apple.product-type.framework";
		};
/* End PBXNativeTarget section */

/* Begin PBXProject section */
		E42E083D237AFC5A00554134 /* Project object */ = {
			isa = PBXProject;
			attributes = {
				LastUpgradeCheck = 1100;
				ORGANIZATIONNAME = "Roman Movchan";
				TargetAttributes = {
					E42E0845237AFC5A00554134 = {
						CreatedOnToolsVersion = 11.0;
						LastSwiftMigration = 1100;
					};
				};
			};
			buildConfigurationList = E42E0840237AFC5A00554134 /* Build configuration list for PBXProject "SimpleInterface" */;
			compatibilityVersion = "Xcode 9.3";
			developmentRegion = en;
			hasScannedForEncodings = 0;
			knownRegions = (
				en,
				Base,
			);
			mainGroup = E42E083C237AFC5A00554134;
			productRefGroup = E42E0847237AFC5A00554134 /* Products */;
			projectDirPath = "";
			projectRoot = "";
			targets = (
				E42E0845237AFC5A00554134 /* SimpleInterface */,
				E42FD46E237C032500412B97 /* SimpleInterfaceMock */,
			);
		};
/* End PBXProject section */

/* Begin PBXResourcesBuildPhase section */
		E42E0844237AFC5A00554134 /* Resources */ = {
			isa = PBXResourcesBuildPhase;
			buildActionMask = 2147483647;
			files = (
			);
			runOnlyForDeploymentPostprocessing = 0;
		};
		E42FD476237C032500412B97 /* Resources */ = {
			isa = PBXResourcesBuildPhase;
			buildActionMask = 2147483647;
			files = (
			);
			runOnlyForDeploymentPostprocessing = 0;
		};
/* End PBXResourcesBuildPhase section */

/* Begin PBXSourcesBuildPhase section */
		E42E0842237AFC5A00554134 /* Sources */ = {
			isa = PBXSourcesBuildPhase;
			buildActionMask = 2147483647;
			files = (
				E42E0858237AFC8600554134 /* SimpleProtocol.swift in Sources */,
				E42FD46B237C02EE00412B97 /* SimpleImplementation.swift in Sources */,
				E42D26EA237C663B00BCC530 /* Injector.swift in Sources */,
			);
			runOnlyForDeploymentPostprocessing = 0;
		};
		E42FD471237C032500412B97 /* Sources */ = {
			isa = PBXSourcesBuildPhase;
			buildActionMask = 2147483647;
			files = (
				E42FD472237C032500412B97 /* SimpleProtocol.swift in Sources */,
				E42FD473237C032500412B97 /* SimpleMock.swift in Sources */,
				E42D26EB237C663B00BCC530 /* Injector.swift in Sources */,
			);
			runOnlyForDeploymentPostprocessing = 0;
		};
/* End PBXSourcesBuildPhase section */

/* Begin XCBuildConfiguration section */
		E42E084C237AFC5A00554134 /* Debug */ = {
			isa = XCBuildConfiguration;
			buildSettings = {
				ALWAYS_SEARCH_USER_PATHS = NO;
				CLANG_ANALYZER_NONNULL = YES;
				CLANG_ANALYZER_NUMBER_OBJECT_CONVERSION = YES_AGGRESSIVE;
				CLANG_CXX_LANGUAGE_STANDARD = "gnu++14";
				CLANG_CXX_LIBRARY = "libc++";
				CLANG_ENABLE_MODULES = YES;
				CLANG_ENABLE_OBJC_ARC = YES;
				CLANG_ENABLE_OBJC_WEAK = YES;
				CLANG_WARN_BLOCK_CAPTURE_AUTORELEASING = YES;
				CLANG_WARN_BOOL_CONVERSION = YES;
				CLANG_WARN_COMMA = YES;
				CLANG_WARN_CONSTANT_CONVERSION = YES;
				CLANG_WARN_DEPRECATED_OBJC_IMPLEMENTATIONS = YES;
				CLANG_WARN_DIRECT_OBJC_ISA_USAGE = YES_ERROR;
				CLANG_WARN_DOCUMENTATION_COMMENTS = YES;
				CLANG_WARN_EMPTY_BODY = YES;
				CLANG_WARN_ENUM_CONVERSION = YES;
				CLANG_WARN_INFINITE_RECURSION = YES;
				CLANG_WARN_INT_CONVERSION = YES;
				CLANG_WARN_NON_LITERAL_NULL_CONVERSION = YES;
				CLANG_WARN_OBJC_IMPLICIT_RETAIN_SELF = YES;
				CLANG_WARN_OBJC_LITERAL_CONVERSION = YES;
				CLANG_WARN_OBJC_ROOT_CLASS = YES_ERROR;
				CLANG_WARN_RANGE_LOOP_ANALYSIS = YES;
				CLANG_WARN_STRICT_PROTOTYPES = YES;
				CLANG_WARN_SUSPICIOUS_MOVE = YES;
				CLANG_WARN_UNGUARDED_AVAILABILITY = YES_AGGRESSIVE;
				CLANG_WARN_UNREACHABLE_CODE = YES;
				CLANG_WARN__DUPLICATE_METHOD_MATCH = YES;
				COPY_PHASE_STRIP = NO;
				CURRENT_PROJECT_VERSION = 1;
				DEBUG_INFORMATION_FORMAT = dwarf;
				DEPLOYMENT_LOCATION = NO;
				ENABLE_STRICT_OBJC_MSGSEND = YES;
				ENABLE_TESTABILITY = YES;
				GCC_C_LANGUAGE_STANDARD = gnu11;
				GCC_DYNAMIC_NO_PIC = NO;
				GCC_NO_COMMON_BLOCKS = YES;
				GCC_OPTIMIZATION_LEVEL = 0;
				GCC_PREPROCESSOR_DEFINITIONS = (
					"DEBUG=1",
					"$(inherited)",
				);
				GCC_WARN_64_TO_32_BIT_CONVERSION = YES;
				GCC_WARN_ABOUT_RETURN_TYPE = YES_ERROR;
				GCC_WARN_UNDECLARED_SELECTOR = YES;
				GCC_WARN_UNINITIALIZED_AUTOS = YES_AGGRESSIVE;
				GCC_WARN_UNUSED_FUNCTION = YES;
				GCC_WARN_UNUSED_VARIABLE = YES;
				IPHONEOS_DEPLOYMENT_TARGET = 13.0;
				MTL_ENABLE_DEBUG_INFO = INCLUDE_SOURCE;
				MTL_FAST_MATH = YES;
				ONLY_ACTIVE_ARCH = YES;
				SDKROOT = iphoneos;
				SWIFT_ACTIVE_COMPILATION_CONDITIONS = DEBUG;
				SWIFT_OPTIMIZATION_LEVEL = "-Onone";
				SYMROOT = build;
				VERSIONING_SYSTEM = "apple-generic";
				VERSION_INFO_PREFIX = "";
			};
			name = Debug;
		};
		E42E084D237AFC5A00554134 /* Release */ = {
			isa = XCBuildConfiguration;
			buildSettings = {
				ALWAYS_SEARCH_USER_PATHS = NO;
				CLANG_ANALYZER_NONNULL = YES;
				CLANG_ANALYZER_NUMBER_OBJECT_CONVERSION = YES_AGGRESSIVE;
				CLANG_CXX_LANGUAGE_STANDARD = "gnu++14";
				CLANG_CXX_LIBRARY = "libc++";
				CLANG_ENABLE_MODULES = YES;
				CLANG_ENABLE_OBJC_ARC = YES;
				CLANG_ENABLE_OBJC_WEAK = YES;
				CLANG_WARN_BLOCK_CAPTURE_AUTORELEASING = YES;
				CLANG_WARN_BOOL_CONVERSION = YES;
				CLANG_WARN_COMMA = YES;
				CLANG_WARN_CONSTANT_CONVERSION = YES;
				CLANG_WARN_DEPRECATED_OBJC_IMPLEMENTATIONS = YES;
				CLANG_WARN_DIRECT_OBJC_ISA_USAGE = YES_ERROR;
				CLANG_WARN_DOCUMENTATION_COMMENTS = YES;
				CLANG_WARN_EMPTY_BODY = YES;
				CLANG_WARN_ENUM_CONVERSION = YES;
				CLANG_WARN_INFINITE_RECURSION = YES;
				CLANG_WARN_INT_CONVERSION = YES;
				CLANG_WARN_NON_LITERAL_NULL_CONVERSION = YES;
				CLANG_WARN_OBJC_IMPLICIT_RETAIN_SELF = YES;
				CLANG_WARN_OBJC_LITERAL_CONVERSION = YES;
				CLANG_WARN_OBJC_ROOT_CLASS = YES_ERROR;
				CLANG_WARN_RANGE_LOOP_ANALYSIS = YES;
				CLANG_WARN_STRICT_PROTOTYPES = YES;
				CLANG_WARN_SUSPICIOUS_MOVE = YES;
				CLANG_WARN_UNGUARDED_AVAILABILITY = YES_AGGRESSIVE;
				CLANG_WARN_UNREACHABLE_CODE = YES;
				CLANG_WARN__DUPLICATE_METHOD_MATCH = YES;
				COPY_PHASE_STRIP = NO;
				CURRENT_PROJECT_VERSION = 1;
				DEBUG_INFORMATION_FORMAT = "dwarf-with-dsym";
				DEPLOYMENT_LOCATION = NO;
				ENABLE_NS_ASSERTIONS = NO;
				ENABLE_STRICT_OBJC_MSGSEND = YES;
				GCC_C_LANGUAGE_STANDARD = gnu11;
				GCC_NO_COMMON_BLOCKS = YES;
				GCC_WARN_64_TO_32_BIT_CONVERSION = YES;
				GCC_WARN_ABOUT_RETURN_TYPE = YES_ERROR;
				GCC_WARN_UNDECLARED_SELECTOR = YES;
				GCC_WARN_UNINITIALIZED_AUTOS = YES_AGGRESSIVE;
				GCC_WARN_UNUSED_FUNCTION = YES;
				GCC_WARN_UNUSED_VARIABLE = YES;
				IPHONEOS_DEPLOYMENT_TARGET = 13.0;
				MTL_ENABLE_DEBUG_INFO = NO;
				MTL_FAST_MATH = YES;
				SDKROOT = iphoneos;
				SWIFT_COMPILATION_MODE = wholemodule;
				SWIFT_OPTIMIZATION_LEVEL = "-O";
				SYMROOT = build;
				VALIDATE_PRODUCT = YES;
				VERSIONING_SYSTEM = "apple-generic";
				VERSION_INFO_PREFIX = "";
			};
			name = Release;
		};
		E42E084F237AFC5A00554134 /* Debug */ = {
			isa = XCBuildConfiguration;
			buildSettings = {
				APPLICATION_EXTENSION_API_ONLY = NO;
				CLANG_ENABLE_MODULES = YES;
				CODE_SIGN_STYLE = Automatic;
				CONFIGURATION_BUILD_DIR = "$(CONFIGURATION_BUILD_DIR)/$(PROJECT_NAME)/default";
				DEFINES_MODULE = YES;
				DEPLOYMENT_LOCATION = NO;
				DEVELOPMENT_TEAM = 4YMSM55897;
				DYLIB_COMPATIBILITY_VERSION = 1;
				DYLIB_CURRENT_VERSION = 1;
				DYLIB_INSTALL_NAME_BASE = "@rpath";
				INFOPLIST_FILE = SimpleInterface/Info.plist;
				INSTALL_PATH = "$(LOCAL_LIBRARY_DIR)/Frameworks";
				LD_DYLIB_INSTALL_NAME = "$(DYLIB_INSTALL_NAME_BASE:standardizepath)/$(EXECUTABLE_PATH)";
				LD_RUNPATH_SEARCH_PATHS = (
					"$(inherited)",
					"@executable_path/Frameworks",
					"@loader_path/Frameworks",
				);
				MACH_O_TYPE = mh_dylib;
				PRODUCT_BUNDLE_IDENTIFIER = RomanMovchan.SimpleInterface;
				PRODUCT_MODULE_NAME = "$(PRODUCT_NAME:c99extidentifier)";
				PRODUCT_NAME = "$(TARGET_NAME:c99extidentifier)";
				SKIP_INSTALL = YES;
				SWIFT_OPTIMIZATION_LEVEL = "-Onone";
				SWIFT_VERSION = 5.0;
				SYMROOT = "$(SYMROOT)";
				TARGETED_DEVICE_FAMILY = "1,2";
			};
			name = Debug;
		};
		E42E0850237AFC5A00554134 /* Release */ = {
			isa = XCBuildConfiguration;
			buildSettings = {
				APPLICATION_EXTENSION_API_ONLY = NO;
				CLANG_ENABLE_MODULES = YES;
				CODE_SIGN_STYLE = Automatic;
				CONFIGURATION_BUILD_DIR = "$(CONFIGURATION_BUILD_DIR)/$(PROJECT_NAME)/default";
				DEFINES_MODULE = YES;
				DEPLOYMENT_LOCATION = NO;
				DEVELOPMENT_TEAM = 4YMSM55897;
				DYLIB_COMPATIBILITY_VERSION = 1;
				DYLIB_CURRENT_VERSION = 1;
				DYLIB_INSTALL_NAME_BASE = "@rpath";
				INFOPLIST_FILE = SimpleInterface/Info.plist;
				INSTALL_PATH = "$(LOCAL_LIBRARY_DIR)/Frameworks";
				LD_DYLIB_INSTALL_NAME = "$(DYLIB_INSTALL_NAME_BASE:standardizepath)/$(EXECUTABLE_PATH)";
				LD_RUNPATH_SEARCH_PATHS = (
					"$(inherited)",
					"@executable_path/Frameworks",
					"@loader_path/Frameworks",
				);
				MACH_O_TYPE = mh_dylib;
				PRODUCT_BUNDLE_IDENTIFIER = RomanMovchan.SimpleInterface;
				PRODUCT_MODULE_NAME = "$(PRODUCT_NAME:c99extidentifier)";
				PRODUCT_NAME = "$(TARGET_NAME:c99extidentifier)";
				SKIP_INSTALL = YES;
				SWIFT_VERSION = 5.0;
				SYMROOT = "$(SYMROOT)";
				TARGETED_DEVICE_FAMILY = "1,2";
			};
			name = Release;
		};
		E42FD478237C032500412B97 /* Debug */ = {
			isa = XCBuildConfiguration;
			buildSettings = {
				CLANG_ENABLE_MODULES = YES;
				CODE_SIGN_STYLE = Automatic;
				CONFIGURATION_BUILD_DIR = "$(CONFIGURATION_BUILD_DIR)/$(PROJECT_NAME)/mock";
				DEFINES_MODULE = YES;
				DEVELOPMENT_TEAM = 4YMSM55897;
				DYLIB_COMPATIBILITY_VERSION = 1;
				DYLIB_CURRENT_VERSION = 1;
				DYLIB_INSTALL_NAME_BASE = "@rpath";
				INFOPLIST_FILE = "SimpleInterface copy-Info.plist";
				INSTALL_PATH = "$(LOCAL_LIBRARY_DIR)/Frameworks";
				LD_RUNPATH_SEARCH_PATHS = (
					"$(inherited)",
					"@executable_path/Frameworks",
					"@loader_path/Frameworks",
				);
				PRODUCT_BUNDLE_IDENTIFIER = RomanMovchan.SimpleInterfaceMock;
				PRODUCT_NAME = SimpleInterface;
				SKIP_INSTALL = YES;
				SWIFT_OPTIMIZATION_LEVEL = "-Onone";
				SWIFT_VERSION = 5.0;
				SYMROOT = "$(SYMROOT)";
				TARGETED_DEVICE_FAMILY = "1,2";
			};
			name = Debug;
		};
		E42FD479237C032500412B97 /* Release */ = {
			isa = XCBuildConfiguration;
			buildSettings = {
				CLANG_ENABLE_MODULES = YES;
				CODE_SIGN_STYLE = Automatic;
				CONFIGURATION_BUILD_DIR = "$(CONFIGURATION_BUILD_DIR)/$(PROJECT_NAME)/mock";
				DEFINES_MODULE = YES;
				DEVELOPMENT_TEAM = 4YMSM55897;
				DYLIB_COMPATIBILITY_VERSION = 1;
				DYLIB_CURRENT_VERSION = 1;
				DYLIB_INSTALL_NAME_BASE = "@rpath";
				INFOPLIST_FILE = "SimpleInterface copy-Info.plist";
				INSTALL_PATH = "$(LOCAL_LIBRARY_DIR)/Frameworks";
				LD_RUNPATH_SEARCH_PATHS = (
					"$(inherited)",
					"@executable_path/Frameworks",
					"@loader_path/Frameworks",
				);
				PRODUCT_BUNDLE_IDENTIFIER = RomanMovchan.SimpleInterfaceMock;
				PRODUCT_NAME = SimpleInterface;
				SKIP_INSTALL = YES;
				SWIFT_VERSION = 5.0;
				SYMROOT = "$(SYMROOT)";
				TARGETED_DEVICE_FAMILY = "1,2";
			};
			name = Release;
		};
/* End XCBuildConfiguration section */

/* Begin XCConfigurationList section */
		E42E0840237AFC5A00554134 /* Build configuration list for PBXProject "SimpleInterface" */ = {
			isa = XCConfigurationList;
			buildConfigurations = (
				E42E084C237AFC5A00554134 /* Debug */,
				E42E084D237AFC5A00554134 /* Release */,
			);
			defaultConfigurationIsVisible = 0;
			defaultConfigurationName = Release;
		};
		E42E084E237AFC5A00554134 /* Build configuration list for PBXNativeTarget "SimpleInterface" */ = {
			isa = XCConfigurationList;
			buildConfigurations = (
				E42E084F237AFC5A00554134 /* Debug */,
				E42E0850237AFC5A00554134 /* Release */,
			);
			defaultConfigurationIsVisible = 0;
			defaultConfigurationName = Release;
		};
		E42FD477237C032500412B97 /* Build configuration list for PBXNativeTarget "SimpleInterfaceMock" */ = {
			isa = XCConfigurationList;
			buildConfigurations = (
				E42FD478237C032500412B97 /* Debug */,
				E42FD479237C032500412B97 /* Release */,
			);
			defaultConfigurationIsVisible = 0;
			defaultConfigurationName = Release;
		};
/* End XCConfigurationList section */
	};
	rootObject = E42E083D237AFC5A00554134 /* Project object */;
}
